Microsoft Visual Studio Solution File, Format Version 12.00
# Visual Studio Version 17
VisualStudioVersion = 17.5.2.0
MinimumVisualStudioVersion = 10.0.40219.1
Project("{FAE04EC0-301F-11D3-BF4B-00C04F79EFBC}") = "ccfx", "ccfx.csproj", "{1806DC94-6BDA-4172-F437-ACEE52699003}"
EndProject
Global
	GlobalSection(SolutionConfigurationPlatforms) = preSolution
		Debug|Any CPU = Debug|Any CPU
		Release|Any CPU = Release|Any CPU
	EndGlobalSection
	GlobalSection(ProjectConfigurationPlatforms) = postSolution
		{1806DC94-6BDA-4172-F437-ACEE52699003}.Debug|Any CPU.ActiveCfg = Debug|Any CPU
		{1806DC94-6BDA-4172-F437-ACEE52699003}.Debug|Any CPU.Build.0 = Debug|Any CPU
		{1806DC94-6BDA-4172-F437-ACEE52699003}.Release|Any CPU.ActiveCfg = Release|Any CPU
		{1806DC94-6BDA-4172-F437-ACEE52699003}.Release|Any CPU.Build.0 = Release|Any CPU
	EndGlobalSection
	GlobalSection(SolutionProperties) = preSolution
		HideSolutionNode = FALSE
	EndGlobalSection
	GlobalSection(ExtensibilityGlobals) = postSolution
		SolutionGuid = {3EDFDE9C-3A6E-41DF-B816-51F8B88E7411}
	EndGlobalSection
EndGlobal
